// !$*UTF8*$!
{
	archiveVersion = 1;
	classes = {
	};
	objectVersion = 50;
	objects = {

/* Begin PBXBuildFile section */
		4620786B268B5264005E4B05 /* AppDelegate.swift in Sources */ = {isa = PBXBuildFile; fileRef = 4620786A268B5264005E4B05 /* AppDelegate.swift */; };
		4620786D268B5264005E4B05 /* SceneDelegate.swift in Sources */ = {isa = PBXBuildFile; fileRef = 4620786C268B5264005E4B05 /* SceneDelegate.swift */; };
		46207872268B5264005E4B05 /* Main.storyboard in Resources */ = {isa = PBXBuildFile; fileRef = 46207870268B5264005E4B05 /* Main.storyboard */; };
		46207874268B526C005E4B05 /* Assets.xcassets in Resources */ = {isa = PBXBuildFile; fileRef = 46207873268B526C005E4B05 /* Assets.xcassets */; };
		46207877268B526C005E4B05 /* LaunchScreen.storyboard in Resources */ = {isa = PBXBuildFile; fileRef = 46207875268B526C005E4B05 /* LaunchScreen.storyboard */; };
		46207883268B5C28005E4B05 /* MainTableViewController.swift in Sources */ = {isa = PBXBuildFile; fileRef = 46207882268B5C28005E4B05 /* MainTableViewController.swift */; };
		46207887268B5DA9005E4B05 /* JokeModel.swift in Sources */ = {isa = PBXBuildFile; fileRef = 46207886268B5DA9005E4B05 /* JokeModel.swift */; };
		4620788B268B66E2005E4B05 /* FactCell.swift in Sources */ = {isa = PBXBuildFile; fileRef = 4620788A268B66E2005E4B05 /* FactCell.swift */; };
		46207890268B7B27005E4B05 /* PaddingLabel.swift in Sources */ = {isa = PBXBuildFile; fileRef = 4620788F268B7B27005E4B05 /* PaddingLabel.swift */; };
		46207894268B994B005E4B05 /* CategorySelectionViewController.swift in Sources */ = {isa = PBXBuildFile; fileRef = 46207893268B994B005E4B05 /* CategorySelectionViewController.swift */; };
/* End PBXBuildFile section */

/* Begin PBXFileReference section */
		46207867268B5264005E4B05 /* ChuckNorris.app */ = {isa = PBXFileReference; explicitFileType = wrapper.application; includeInIndex = 0; path = ChuckNorris.app; sourceTree = BUILT_PRODUCTS_DIR; };
		4620786A268B5264005E4B05 /* AppDelegate.swift */ = {isa = PBXFileReference; lastKnownFileType = sourcecode.swift; path = AppDelegate.swift; sourceTree = "<group>"; };
		4620786C268B5264005E4B05 /* SceneDelegate.swift */ = {isa = PBXFileReference; lastKnownFileType = sourcecode.swift; path = SceneDelegate.swift; sourceTree = "<group>"; };
		46207871268B5264005E4B05 /* Base */ = {isa = PBXFileReference; lastKnownFileType = file.storyboard; name = Base; path = Base.lproj/Main.storyboard; sourceTree = "<group>"; };
		46207873268B526C005E4B05 /* Assets.xcassets */ = {isa = PBXFileReference; lastKnownFileType = folder.assetcatalog; path = Assets.xcassets; sourceTree = "<group>"; };
		46207876268B526C005E4B05 /* Base */ = {isa = PBXFileReference; lastKnownFileType = file.storyboard; name = Base; path = Base.lproj/LaunchScreen.storyboard; sourceTree = "<group>"; };
		46207878268B526C005E4B05 /* Info.plist */ = {isa = PBXFileReference; lastKnownFileType = text.plist.xml; path = Info.plist; sourceTree = "<group>"; };
		46207882268B5C28005E4B05 /* MainTableViewController.swift */ = {isa = PBXFileReference; lastKnownFileType = sourcecode.swift; path = MainTableViewController.swift; sourceTree = "<group>"; };
		46207886268B5DA9005E4B05 /* JokeModel.swift */ = {isa = PBXFileReference; lastKnownFileType = sourcecode.swift; path = JokeModel.swift; sourceTree = "<group>"; };
		4620788A268B66E2005E4B05 /* FactCell.swift */ = {isa = PBXFileReference; lastKnownFileType = sourcecode.swift; path = FactCell.swift; sourceTree = "<group>"; };
		4620788F268B7B27005E4B05 /* PaddingLabel.swift */ = {isa = PBXFileReference; lastKnownFileType = sourcecode.swift; path = PaddingLabel.swift; sourceTree = "<group>"; };
		46207893268B994B005E4B05 /* CategorySelectionViewController.swift */ = {isa = PBXFileReference; lastKnownFileType = sourcecode.swift; path = CategorySelectionViewController.swift; sourceTree = "<group>"; };
/* End PBXFileReference section */

/* Begin PBXFrameworksBuildPhase section */
		46207864268B5264005E4B05 /* Frameworks */ = {
			isa = PBXFrameworksBuildPhase;
			buildActionMask = 2147483647;
			files = (
			);
			runOnlyForDeploymentPostprocessing = 0;
		};
/* End PBXFrameworksBuildPhase section */

/* Begin PBXGroup section */
		4620785E268B5264005E4B05 = {
			isa = PBXGroup;
			children = (
				46207869268B5264005E4B05 /* ChuckNorris */,
				46207868268B5264005E4B05 /* Products */,
			);
			sourceTree = "<group>";
		};
		46207868268B5264005E4B05 /* Products */ = {
			isa = PBXGroup;
			children = (
				46207867268B5264005E4B05 /* ChuckNorris.app */,
			);
			name = Products;
			sourceTree = "<group>";
		};
		46207869268B5264005E4B05 /* ChuckNorris */ = {
			isa = PBXGroup;
			children = (
				46207897268BC322005E4B05 /* View */,
				4620788E268B7B00005E4B05 /* Utils */,
				46207889268B66D6005E4B05 /* CustomCells */,
				46207885268B5D19005E4B05 /* Models */,
				46207881268B5C0A005E4B05 /* Controllers */,
				4620786A268B5264005E4B05 /* AppDelegate.swift */,
				4620786C268B5264005E4B05 /* SceneDelegate.swift */,
				46207873268B526C005E4B05 /* Assets.xcassets */,
				46207870268B5264005E4B05 /* Main.storyboard */,
				46207875268B526C005E4B05 /* LaunchScreen.storyboard */,
				46207878268B526C005E4B05 /* Info.plist */,
			);
			path = ChuckNorris;
			sourceTree = "<group>";
		};
		46207881268B5C0A005E4B05 /* Controllers */ = {
			isa = PBXGroup;
			children = (
				46207882268B5C28005E4B05 /* MainTableViewController.swift */,
				46207893268B994B005E4B05 /* CategorySelectionViewController.swift */,
			);
			path = Controllers;
			sourceTree = "<group>";
		};
		46207885268B5D19005E4B05 /* Models */ = {
			isa = PBXGroup;
			children = (
				46207886268B5DA9005E4B05 /* JokeModel.swift */,
			);
			path = Models;
			sourceTree = "<group>";
		};
		46207889268B66D6005E4B05 /* CustomCells */ = {
			isa = PBXGroup;
			children = (
				4620788A268B66E2005E4B05 /* FactCell.swift */,
			);
			path = CustomCells;
			sourceTree = "<group>";
		};
		4620788E268B7B00005E4B05 /* Utils */ = {
			isa = PBXGroup;
			children = (
				4620788F268B7B27005E4B05 /* PaddingLabel.swift */,
			);
			path = Utils;
			sourceTree = "<group>";
		};
		46207897268BC322005E4B05 /* View */ = {
			isa = PBXGroup;
			children = (
			);
			path = View;
			sourceTree = "<group>";
		};
/* End PBXGroup section */

/* Begin PBXNativeTarget section */
		46207866268B5264005E4B05 /* ChuckNorris */ = {
			isa = PBXNativeTarget;
			buildConfigurationList = 4620787B268B526C005E4B05 /* Build configuration list for PBXNativeTarget "ChuckNorris" */;
			buildPhases = (
				46207863268B5264005E4B05 /* Sources */,
				46207864268B5264005E4B05 /* Frameworks */,
				46207865268B5264005E4B05 /* Resources */,
			);
			buildRules = (
			);
			dependencies = (
			);
			name = ChuckNorris;
			productName = ChuckNorris;
			productReference = 46207867268B5264005E4B05 /* ChuckNorris.app */;
			productType = "com.apple.product-type.application";
		};
/* End PBXNativeTarget section */

/* Begin PBXProject section */
		4620785F268B5264005E4B05 /* Project object */ = {
			isa = PBXProject;
			attributes = {
				LastSwiftUpdateCheck = 1240;
				LastUpgradeCheck = 1240;
				TargetAttributes = {
					46207866268B5264005E4B05 = {
						CreatedOnToolsVersion = 12.4;
					};
				};
			};
			buildConfigurationList = 46207862268B5264005E4B05 /* Build configuration list for PBXProject "ChuckNorris" */;
			compatibilityVersion = "Xcode 9.3";
			developmentRegion = en;
			hasScannedForEncodings = 0;
			knownRegions = (
				en,
				Base,
			);
			mainGroup = 4620785E268B5264005E4B05;
			productRefGroup = 46207868268B5264005E4B05 /* Products */;
			projectDirPath = "";
			projectRoot = "";
			targets = (
				46207866268B5264005E4B05 /* ChuckNorris */,
			);
		};
/* End PBXProject section */

/* Begin PBXResourcesBuildPhase section */
		46207865268B5264005E4B05 /* Resources */ = {
			isa = PBXResourcesBuildPhase;
			buildActionMask = 2147483647;
			files = (
				46207877268B526C005E4B05 /* LaunchScreen.storyboard in Resources */,
				46207874268B526C005E4B05 /* Assets.xcassets in Resources */,
				46207872268B5264005E4B05 /* Main.storyboard in Resources */,
			);
			runOnlyForDeploymentPostprocessing = 0;
		};
/* End PBXResourcesBuildPhase section */

/* Begin PBXSourcesBuildPhase section */
		46207863268B5264005E4B05 /* Sources */ = {
			isa = PBXSourcesBuildPhase;
			buildActionMask = 2147483647;
			files = (
				46207890268B7B27005E4B05 /* PaddingLabel.swift in Sources */,
				46207887268B5DA9005E4B05 /* JokeModel.swift in Sources */,
				4620786B268B5264005E4B05 /* AppDelegate.swift in Sources */,
				4620788B268B66E2005E4B05 /* FactCell.swift in Sources */,
				46207883268B5C28005E4B05 /* MainTableViewController.swift in Sources */,
				46207894268B994B005E4B05 /* CategorySelectionViewController.swift in Sources */,
				4620786D268B5264005E4B05 /* SceneDelegate.swift in Sources */,
			);
			runOnlyForDeploymentPostprocessing = 0;
		};
/* End PBXSourcesBuildPhase section */

/* Begin PBXVariantGroup section */
		46207870268B5264005E4B05 /* Main.storyboard */ = {
			isa = PBXVariantGroup;
			children = (
				46207871268B5264005E4B05 /* Base */,
			);
			name = Main.storyboard;
			sourceTree = "<group>";
		};
		46207875268B526C005E4B05 /* LaunchScreen.storyboard */ = {
			isa = PBXVariantGroup;
			children = (
				46207876268B526C005E4B05 /* Base */,
			);
			name = LaunchScreen.storyboard;
			sourceTree = "<group>";
		};
/* End PBXVariantGroup section */

/* Begin XCBuildConfiguration section */
		46207879268B526C005E4B05 /* Debug */ = {
			isa = XCBuildConfiguration;
			buildSettings = {
				ALWAYS_SEARCH_USER_PATHS = NO;
				CLANG_ANALYZER_NONNULL = YES;
				CLANG_ANALYZER_NUMBER_OBJECT_CONVERSION = YES_AGGRESSIVE;
				CLANG_CXX_LANGUAGE_STANDARD = "gnu++14";
				CLANG_CXX_LIBRARY = "libc++";
				CLANG_ENABLE_MODULES = YES;
				CLANG_ENABLE_OBJC_ARC = YES;
				CLANG_ENABLE_OBJC_WEAK = YES;
				CLANG_WARN_BLOCK_CAPTURE_AUTORELEASING = YES;
				CLANG_WARN_BOOL_CONVERSION = YES;
				CLANG_WARN_COMMA = YES;
				CLANG_WARN_CONSTANT_CONVERSION = YES;
				CLANG_WARN_DEPRECATED_OBJC_IMPLEMENTATIONS = YES;
				CLANG_WARN_DIRECT_OBJC_ISA_USAGE = YES_ERROR;
				CLANG_WARN_DOCUMENTATION_COMMENTS = YES;
				CLANG_WARN_EMPTY_BODY = YES;
				CLANG_WARN_ENUM_CONVERSION = YES;
				CLANG_WARN_INFINITE_RECURSION = YES;
				CLANG_WARN_INT_CONVERSION = YES;
				CLANG_WARN_NON_LITERAL_NULL_CONVERSION = YES;
				CLANG_WARN_OBJC_IMPLICIT_RETAIN_SELF = YES;
				CLANG_WARN_OBJC_LITERAL_CONVERSION = YES;
				CLANG_WARN_OBJC_ROOT_CLASS = YES_ERROR;
				CLANG_WARN_QUOTED_INCLUDE_IN_FRAMEWORK_HEADER = YES;
				CLANG_WARN_RANGE_LOOP_ANALYSIS = YES;
				CLANG_WARN_STRICT_PROTOTYPES = YES;
				CLANG_WARN_SUSPICIOUS_MOVE = YES;
				CLANG_WARN_UNGUARDED_AVAILABILITY = YES_AGGRESSIVE;
				CLANG_WARN_UNREACHABLE_CODE = YES;
				CLANG_WARN__DUPLICATE_METHOD_MATCH = YES;
				COPY_PHASE_STRIP = NO;
				DEBUG_INFORMATION_FORMAT = dwarf;
				ENABLE_STRICT_OBJC_MSGSEND = YES;
				ENABLE_TESTABILITY = YES;
				GCC_C_LANGUAGE_STANDARD = gnu11;
				GCC_DYNAMIC_NO_PIC = NO;
				GCC_NO_COMMON_BLOCKS = YES;
				GCC_OPTIMIZATION_LEVEL = 0;
				GCC_PREPROCESSOR_DEFINITIONS = (
					"DEBUG=1",
					"$(inherited)",
				);
				GCC_WARN_64_TO_32_BIT_CONVERSION = YES;
				GCC_WARN_ABOUT_RETURN_TYPE = YES_ERROR;
				GCC_WARN_UNDECLARED_SELECTOR = YES;
				GCC_WARN_UNINITIALIZED_AUTOS = YES_AGGRESSIVE;
				GCC_WARN_UNUSED_FUNCTION = YES;
				GCC_WARN_UNUSED_VARIABLE = YES;
				IPHONEOS_DEPLOYMENT_TARGET = 14.4;
				MTL_ENABLE_DEBUG_INFO = INCLUDE_SOURCE;
				MTL_FAST_MATH = YES;
				ONLY_ACTIVE_ARCH = YES;
				SDKROOT = iphoneos;
				SWIFT_ACTIVE_COMPILATION_CONDITIONS = DEBUG;
				SWIFT_OPTIMIZATION_LEVEL = "-Onone";
			};
			name = Debug;
		};
		4620787A268B526C005E4B05 /* Release */ = {
			isa = XCBuildConfiguration;
			buildSettings = {
				ALWAYS_SEARCH_USER_PATHS = NO;
				CLANG_ANALYZER_NONNULL = YES;
				CLANG_ANALYZER_NUMBER_OBJECT_CONVERSION = YES_AGGRESSIVE;
				CLANG_CXX_LANGUAGE_STANDARD = "gnu++14";
				CLANG_CXX_LIBRARY = "libc++";
				CLANG_ENABLE_MODULES = YES;
				CLANG_ENABLE_OBJC_ARC = YES;
				CLANG_ENABLE_OBJC_WEAK = YES;
				CLANG_WARN_BLOCK_CAPTURE_AUTORELEASING = YES;
				CLANG_WARN_BOOL_CONVERSION = YES;
				CLANG_WARN_COMMA = YES;
				CLANG_WARN_CONSTANT_CONVERSION = YES;
				CLANG_WARN_DEPRECATED_OBJC_IMPLEMENTATIONS = YES;
				CLANG_WARN_DIRECT_OBJC_ISA_USAGE = YES_ERROR;
				CLANG_WARN_DOCUMENTATION_COMMENTS = YES;
				CLANG_WARN_EMPTY_BODY = YES;
				CLANG_WARN_ENUM_CONVERSION = YES;
				CLANG_WARN_INFINITE_RECURSION = YES;
				CLANG_WARN_INT_CONVERSION = YES;
				CLANG_WARN_NON_LITERAL_NULL_CONVERSION = YES;
				CLANG_WARN_OBJC_IMPLICIT_RETAIN_SELF = YES;
				CLANG_WARN_OBJC_LITERAL_CONVERSION = YES;
				CLANG_WARN_OBJC_ROOT_CLASS = YES_ERROR;
				CLANG_WARN_QUOTED_INCLUDE_IN_FRAMEWORK_HEADER = YES;
				CLANG_WARN_RANGE_LOOP_ANALYSIS = YES;
				CLANG_WARN_STRICT_PROTOTYPES = YES;
				CLANG_WARN_SUSPICIOUS_MOVE = YES;
				CLANG_WARN_UNGUARDED_AVAILABILITY = YES_AGGRESSIVE;
				CLANG_WARN_UNREACHABLE_CODE = YES;
				CLANG_WARN__DUPLICATE_METHOD_MATCH = YES;
				COPY_PHASE_STRIP = NO;
				DEBUG_INFORMATION_FORMAT = "dwarf-with-dsym";
				ENABLE_NS_ASSERTIONS = NO;
				ENABLE_STRICT_OBJC_MSGSEND = YES;
				GCC_C_LANGUAGE_STANDARD = gnu11;
				GCC_NO_COMMON_BLOCKS = YES;
				GCC_WARN_64_TO_32_BIT_CONVERSION = YES;
				GCC_WARN_ABOUT_RETURN_TYPE = YES_ERROR;
				GCC_WARN_UNDECLARED_SELECTOR = YES;
				GCC_WARN_UNINITIALIZED_AUTOS = YES_AGGRESSIVE;
				GCC_WARN_UNUSED_FUNCTION = YES;
				GCC_WARN_UNUSED_VARIABLE = YES;
				IPHONEOS_DEPLOYMENT_TARGET = 14.4;
				MTL_ENABLE_DEBUG_INFO = NO;
				MTL_FAST_MATH = YES;
				SDKROOT = iphoneos;
				SWIFT_COMPILATION_MODE = wholemodule;
				SWIFT_OPTIMIZATION_LEVEL = "-O";
				VALIDATE_PRODUCT = YES;
			};
			name = Release;
		};
		4620787C268B526C005E4B05 /* Debug */ = {
			isa = XCBuildConfiguration;
			buildSettings = {
				ASSETCATALOG_COMPILER_APPICON_NAME = AppIcon;
				ASSETCATALOG_COMPILER_GLOBAL_ACCENT_COLOR_NAME = AccentColor;
				CODE_SIGN_STYLE = Automatic;
				DEVELOPMENT_TEAM = 3XA87D77BQ;
				INFOPLIST_FILE = ChuckNorris/Info.plist;
				LD_RUNPATH_SEARCH_PATHS = (
					"$(inherited)",
					"@executable_path/Frameworks",
				);
				PRODUCT_BUNDLE_IDENTIFIER = com.rafaelplinio.ChuckNorris;
				PRODUCT_NAME = "$(TARGET_NAME)";
				SWIFT_VERSION = 5.0;
				TARGETED_DEVICE_FAMILY = "1,2";
			};
			name = Debug;
		};
		4620787D268B526C005E4B05 /* Release */ = {
			isa = XCBuildConfiguration;
			buildSettings = {
				ASSETCATALOG_COMPILER_APPICON_NAME = AppIcon;
				ASSETCATALOG_COMPILER_GLOBAL_ACCENT_COLOR_NAME = AccentColor;
				CODE_SIGN_STYLE = Automatic;
				DEVELOPMENT_TEAM = 3XA87D77BQ;
				INFOPLIST_FILE = ChuckNorris/Info.plist;
				LD_RUNPATH_SEARCH_PATHS = (
					"$(inherited)",
					"@executable_path/Frameworks",
				);
				PRODUCT_BUNDLE_IDENTIFIER = com.rafaelplinio.ChuckNorris;
				PRODUCT_NAME = "$(TARGET_NAME)";
				SWIFT_VERSION = 5.0;
				TARGETED_DEVICE_FAMILY = "1,2";
			};
			name = Release;
		};
/* End XCBuildConfiguration section */

/* Begin XCConfigurationList section */
		46207862268B5264005E4B05 /* Build configuration list for PBXProject "ChuckNorris" */ = {
			isa = XCConfigurationList;
			buildConfigurations = (
				46207879268B526C005E4B05 /* Debug */,
				4620787A268B526C005E4B05 /* Release */,
			);
			defaultConfigurationIsVisible = 0;
			defaultConfigurationName = Release;
		};
		4620787B268B526C005E4B05 /* Build configuration list for PBXNativeTarget "ChuckNorris" */ = {
			isa = XCConfigurationList;
			buildConfigurations = (
				4620787C268B526C005E4B05 /* Debug */,
				4620787D268B526C005E4B05 /* Release */,
			);
			defaultConfigurationIsVisible = 0;
			defaultConfigurationName = Release;
		};
/* End XCConfigurationList section */
	};
	rootObject = 4620785F268B5264005E4B05 /* Project object */;
}
